
Microsoft Visual Studio Solution File, Format Version 12.00
# Visual Studio Version 17
VisualStudioVersion = 17.7.34031.279
MinimumVisualStudioVersion = 10.0.40219.1
Project("{FAE04EC0-301F-11D3-BF4B-00C04F79EFBC}") = "lab11Sokolov", "lab11Sokolov\lab11Sokolov.csproj", "{8B194102-187D-4470-8E47-2C72C6EC5C12}"
EndProject
Global
	GlobalSection(SolutionConfigurationPlatforms) = preSolution
		Debug|Any CPU = Debug|Any CPU
		Release|Any CPU = Release|Any CPU
	EndGlobalSection
	GlobalSection(ProjectConfigurationPlatforms) = postSolution
		{8B194102-187D-4470-8E47-2C72C6EC5C12}.Debug|Any CPU.ActiveCfg = Debug|Any CPU
		{8B194102-187D-4470-8E47-2C72C6EC5C12}.Debug|Any CPU.Build.0 = Debug|Any CPU
		{8B194102-187D-4470-8E47-2C72C6EC5C12}.Release|Any CPU.ActiveCfg = Release|Any CPU
		{8B194102-187D-4470-8E47-2C72C6EC5C12}.Release|Any CPU.Build.0 = Release|Any CPU
	EndGlobalSection
	GlobalSection(SolutionProperties) = preSolution
		HideSolutionNode = FALSE
	EndGlobalSection
	GlobalSection(ExtensibilityGlobals) = postSolution
		SolutionGuid = {371FAD2E-D611-47A1-BB24-B60DBCF5405E}
	EndGlobalSection
EndGlobal
